# This file is generated by running "yarn install" inside your project.
# Manual changes might be lost - proceed with caution!

__metadata:
  version: 4
  cacheKey: 7

"@babel/core@npm:7.25.2":
  version: 7.25.2
  resolution: "@babel/core@npm:7.25.2"
  dependencies:
    "@babel/types": ^7.9.0
    jsesc: ^2.5.1
    lodash: ^4.17.13
    source-map: ^0.5.0
  checksum: d527f2eee7953ed18fe523011b98c87c51ccf3087b88f77aa1395312d07c5ae9203cabefc8ddb62de5961f36b4354c9dd5b44983a76d4afc1fcac9740ed211e8
  languageName: node
  linkType: hard

"@babel/helper-plugin-utils@npm:^7.10.4, @babel/helper-plugin-utils@npm:^7.8.0":
  version: 7.10.4
  resolution: "@babel/helper-plugin-utils@npm:7.10.4"
  checksum: 9f617e619a3557cb5fae8885e91cd94ba4ee16fb345e0360de0d7dc037efb10cc604939ecc1038ccdb71aa37e7e78f20133d7bbbebecb8f6dcdb557650366d92
  languageName: node
  linkType: hard

"@babel/helper-plugin-utils@npm:^7.8.3":
  version: 7.24.8
  resolution: "@babel/helper-plugin-utils@npm:7.24.8"
  checksum: c480fd570fe91d45ec9de4e9af65ab63b186cff0d2e921cdba7b194316ae2f4359e540bf5d91b46a46046d178eae5711f24858276b2cdc2afb8dc6798fe2d67d
  languageName: node
  linkType: hard

"@babel/helper-string-parser@npm:^7.24.8":
  version: 7.24.8
  resolution: "@babel/helper-string-parser@npm:7.24.8"
  checksum: 296eba6700f0249601a4dc9b8db8bde3c308494ee8593ec17da59db02220e371579b5b6c331df858cf0d6d1ac146b0220045fae6edffac6246b19dddf4aac341
  languageName: node
  linkType: hard

"@babel/helper-validator-identifier@npm:^7.24.7":
  version: 7.24.7
  resolution: "@babel/helper-validator-identifier@npm:7.24.7"
  checksum: 312adb9ddec68062b455fdacc6804c26cb2095bcd8263067615436b8fe66d472efb14ef64da14f93aecd2bb640e6229c2cd781dcccd5db0920023f441a15c13b
  languageName: node
  linkType: hard

"@babel/helper-validator-identifier@npm:^7.9.0":
  version: 7.9.0
  resolution: "@babel/helper-validator-identifier@npm:7.9.0"
  checksum: c8b67b61fe59ba40d28729bda49579b89022b3ac8ab2eb135fa0a41b2dec600e11240bb4b71a95195217404d02ea89d25a0f1dac01a93f37c50658cbf8b95115
  languageName: node
  linkType: hard

"@babel/parser-7.0.0@npm:@babel/parser@7.0.0":
  version: 7.0.0
  resolution: "@babel/parser@npm:7.0.0"
  bin:
    parser: ./bin/babel-parser.js
  checksum: 1d8afb673ed805a08a5fce27254cef6d7c1af58211e091f538279a49d2d9c66c17307f069d570b77c4a187d3302ebcdd5d76d8f118c214adfda36531315f6fd8
  languageName: node
  linkType: hard

"@babel/parser-7.9.0@npm:@babel/parser@7.9.0":
  version: 7.9.0
  resolution: "@babel/parser@npm:7.9.0"
  bin:
    parser: ./bin/babel-parser.js
  checksum: e7ba36d98b00784a6866cb64a166eafc17d0e845d20b340a782a5d8715a967ecc2d868cb92b600840441bd3ac82e76d05d192f5db6de2eb4bce04f5f56c4765e
  languageName: node
  linkType: hard

"@babel/plugin-syntax-async-generators@npm:^7.8.4":
  version: 7.8.4
  resolution: "@babel/plugin-syntax-async-generators@npm:7.8.4"
  dependencies:
    "@babel/helper-plugin-utils": ^7.8.0
  peerDependencies:
    "@babel/core": ^7.0.0-0
  checksum: 39685944ffe342981afb1fe3af824305e94ee249b1841c78c1112f93d256d3d405902ac146ab3bad8c243710f081621f9fbf53c62474800d398293c99521c8ef
  languageName: node
  linkType: hard

"@babel/plugin-syntax-bigint@npm:^7.8.3":
  version: 7.8.3
  resolution: "@babel/plugin-syntax-bigint@npm:7.8.3"
  dependencies:
    "@babel/helper-plugin-utils": ^7.8.0
  peerDependencies:
    "@babel/core": ^7.0.0-0
  checksum: 8c9b610377af48e1d8ec0d5ad5eec5e462fbc775b20f367e0ebc2656b98b4cc73a952e8b5ab8641e6de0d04923f3843dd73ce00a71ef5cac9940822ff776c8ec
  languageName: node
  linkType: hard

"@babel/plugin-syntax-class-properties@npm:^7.12.13":
  version: 7.12.13
  resolution: "@babel/plugin-syntax-class-properties@npm:7.12.13"
  dependencies:
    "@babel/helper-plugin-utils": ^7.8.3
  peerDependencies:
    "@babel/core": ^7.0.0-0
  checksum: 3023dec8acd42e0b691d9cdf21bc6931fe3e3d53c2231bdfe3eca3afeab168723f7315991550a163748bc49dbcd3c95632b77ec56f5e1d89bc5029cfeb7f0f7b
  languageName: node
  linkType: hard

"@babel/plugin-syntax-import-meta@npm:^7.10.4":
  version: 7.10.4
  resolution: "@babel/plugin-syntax-import-meta@npm:7.10.4"
  dependencies:
    "@babel/helper-plugin-utils": ^7.8.3
  peerDependencies:
    "@babel/core": ^7.0.0-0
  checksum: 685ee8f0b5b675952e02e1cabcde4d92638918a66ed515b2663e2e0b2246210a0768325423d5642f8687653a449357826675ccfcb712676be260a0ae13313828
  languageName: node
  linkType: hard

"@babel/plugin-syntax-json-strings@npm:^7.8.3":
  version: 7.8.3
  resolution: "@babel/plugin-syntax-json-strings@npm:7.8.3"
  dependencies:
    "@babel/helper-plugin-utils": ^7.8.0
  peerDependencies:
    "@babel/core": ^7.0.0-0
  checksum: 1a7dabf0a4b264cb235966c4256aad131567eba20e41de731fa9127d371454a2f702e27fd7bedac65efb0df847e5cece7bcb5507a931604d1c2ecb7390adaa1f
  languageName: node
  linkType: hard

"@babel/plugin-syntax-logical-assignment-operators@npm:^7.10.4":
  version: 7.10.4
  resolution: "@babel/plugin-syntax-logical-assignment-operators@npm:7.10.4"
  dependencies:
    "@babel/helper-plugin-utils": ^7.8.3
  peerDependencies:
    "@babel/core": ^7.0.0-0
  checksum: 5b82f717707d278e58d12649932bf3327923361f051cd4517a5b63d7ebfe39cb6cdfb37aa199b5a441db305301a3c8de01c946d25d1f4c4ecb94322a23ac9e73
  languageName: node
  linkType: hard

"@babel/plugin-syntax-nullish-coalescing-operator@npm:^7.8.3":
  version: 7.8.3
  resolution: "@babel/plugin-syntax-nullish-coalescing-operator@npm:7.8.3"
  dependencies:
    "@babel/helper-plugin-utils": ^7.8.0
  peerDependencies:
    "@babel/core": ^7.0.0-0
  checksum: 4ba03753759a2d9783b792c060147a20f474f76c42edf77cbf89c6669f9f22ffb3cbba4facdd8ce651129db6089a81feca1f7e42da75244eabedecba37bd20be
  languageName: node
  linkType: hard

"@babel/plugin-syntax-numeric-separator@npm:^7.10.4":
  version: 7.10.4
  resolution: "@babel/plugin-syntax-numeric-separator@npm:7.10.4"
  dependencies:
    "@babel/helper-plugin-utils": ^7.8.3
  peerDependencies:
    "@babel/core": ^7.0.0-0
  checksum: 47ae8782939ccc41f94b1d46b8b7a63363b003b8b7544bddae8dd454a8d51b38bbd4f9c26e91ecfb5fc16dc5f2228700e3030def63c5d07046073ec8fabc4665
  languageName: node
  linkType: hard

"@babel/plugin-syntax-object-rest-spread@npm:^7.8.3":
  version: 7.8.3
  resolution: "@babel/plugin-syntax-object-rest-spread@npm:7.8.3"
  dependencies:
    "@babel/helper-plugin-utils": ^7.8.0
  peerDependencies:
    "@babel/core": ^7.0.0-0
  checksum: db5dfb39faceddba8b80c586e331e17c3a1f79941f80eaa070b91fb920582bffe8bba46f6bebbdaf7c1f9b0bbe2a68493c28e1c9fb0ced864da739c0cd52ce43
  languageName: node
  linkType: hard

"@babel/plugin-syntax-optional-catch-binding@npm:^7.8.3":
  version: 7.8.3
  resolution: "@babel/plugin-syntax-optional-catch-binding@npm:7.8.3"
  dependencies:
    "@babel/helper-plugin-utils": ^7.8.0
  peerDependencies:
    "@babel/core": ^7.0.0-0
  checksum: f03d07526674ecdb3388e1d648ec250250968e13c037a7110e37d3eab0b82b07d6605332772afdf19f1831dfd3bdbbf0288a7d9097097d30b9548388ea693a07
  languageName: node
  linkType: hard

"@babel/plugin-syntax-optional-chaining@npm:^7.8.3":
  version: 7.8.3
  resolution: "@babel/plugin-syntax-optional-chaining@npm:7.8.3"
  dependencies:
    "@babel/helper-plugin-utils": ^7.8.0
  peerDependencies:
    "@babel/core": ^7.0.0-0
  checksum: 2a50685d023bc609b01a3fd7ed3af03bc36c575da8d02199ed51cb24e8e068f26a128a20486cd502abe9e1d4c02e0264b8a58f1a5143e1291ca3508a948ada97
  languageName: node
  linkType: hard

"@babel/plugin-syntax-top-level-await@npm:^7.14.5":
  version: 7.14.5
  resolution: "@babel/plugin-syntax-top-level-await@npm:7.14.5"
  dependencies:
    "@babel/helper-plugin-utils": ^7.10.4
  peerDependencies:
    "@babel/core": ^7.0.0-0
  checksum: 642baff7c2150f146aa2ae94f8fa93f8aa81f5d82731241c60054037938cbde8031898194a216ec567af9b35bc4f394be3cd87d76aea39c8e32d68927ea67601
  languageName: node
  linkType: hard

"@babel/types@npm:^7.8.3":
  version: 7.9.0
  resolution: "@babel/types@npm:7.9.0"
  dependencies:
    "@babel/helper-validator-identifier": ^7.9.0
    lodash: ^4.17.13
    to-fast-properties: ^2.0.0
  checksum: 5fcd95a5187f0083796f0966988bfc3d909764693245ac279296d5d25fff9bc07c1b5e9314c2cec9fe741ed09848d3d44289a37c0fb332593744e1c8b697cdf1
  languageName: node
  linkType: hard

"@babel/types@npm:^7.9.0":
  version: 7.25.2
  resolution: "@babel/types@npm:7.25.2"
  dependencies:
    "@babel/helper-string-parser": "npm:^7.24.8"
    "@babel/helper-validator-identifier": "npm:^7.24.7"
    to-fast-properties: "npm:^2.0.0"
  checksum: 30164d05456da6997d771eabe33987b696e6b8bef547931ea265506043bac2c0de50584e5f0dc2b6d4c0e2c23b5302bb59cdc9c7f8675be4c9abbc54e66df5de
  languageName: node
  linkType: hard

"babel-preset-current-node-syntax@workspace:.":
  version: 0.0.0-use.local
  resolution: "babel-preset-current-node-syntax@workspace:."
  dependencies:
    "@babel/core": 7.25.2
    "@babel/parser-7.0.0": "npm:@babel/parser@7.0.0"
    "@babel/parser-7.9.0": "npm:@babel/parser@7.9.0"
    "@babel/plugin-syntax-async-generators": ^7.8.4
    "@babel/plugin-syntax-bigint": ^7.8.3
    "@babel/plugin-syntax-class-properties": ^7.12.13
    "@babel/plugin-syntax-import-meta": ^7.10.4
    "@babel/plugin-syntax-json-strings": ^7.8.3
    "@babel/plugin-syntax-logical-assignment-operators": ^7.10.4
    "@babel/plugin-syntax-nullish-coalescing-operator": ^7.8.3
    "@babel/plugin-syntax-numeric-separator": ^7.10.4
    "@babel/plugin-syntax-object-rest-spread": ^7.8.3
    "@babel/plugin-syntax-optional-catch-binding": ^7.8.3
    "@babel/plugin-syntax-optional-chaining": ^7.8.3
    "@babel/plugin-syntax-top-level-await": ^7.14.5
  peerDependencies:
    "@babel/core": ^7.0.0
  languageName: unknown
  linkType: soft

"jsesc@npm:^2.5.1":
  version: 2.5.2
  resolution: "jsesc@npm:2.5.2"
  bin:
    jsesc: bin/jsesc
  checksum: ca91ec33d74c55959e4b6fdbfee2af5f38be74a752cf0a982702e3a16239f26c2abbe19f5f84b15592570dda01872e929a90738615bd445f7b9b859781cfcf68
  languageName: node
  linkType: hard

"lodash@npm:^4.17.13":
  version: 4.17.15
  resolution: "lodash@npm:4.17.15"
  checksum: aec3fbb7570aa67bda500b8299b1b1821d60646bede87f76a74dfcc7666ab3445267d734ec71424d70809d52ad67a1356fab5ab694a3faa1908d68e9d48f00f5
  languageName: node
  linkType: hard

"source-map@npm:^0.5.0":
  version: 0.5.7
  resolution: "source-map@npm:0.5.7"
  checksum: 737face96577a2184a42f141607fcc2c9db5620cb8517ae8ab3924476defa138fc26b0bab31e98cbd6f19211ecbf78400b59f801ff7a0f87aa9faa79f7433e10
  languageName: node
  linkType: hard

"to-fast-properties@npm:^2.0.0":
  version: 2.0.0
  resolution: "to-fast-properties@npm:2.0.0"
  checksum: 40e61984243b183d575a2f3a87d008bd57102115701ee9037fd673e34becf12ee90262631857410169ca82f401a662ed94482235cea8f3b8dea48b87eaabc467
  languageName: node
  linkType: hard
