# This file is generated by running "yarn install" inside your project.
# Manual changes might be lost - proceed with caution!

__metadata:
  version: 4
  cacheKey: 7

"@babel/code-frame@npm:^7.0.0, @babel/code-frame@npm:^7.8.3":
  version: 7.8.3
  resolution: "@babel/code-frame@npm:7.8.3"
  dependencies:
    "@babel/highlight": ^7.8.3
  checksum: 0552a3e3667ad5af3bbffd537a7d177f321af3ff416522a9e9c7c671b9fc5d7f5eb6847e676e8de7a7362819e9670d9fe684e95d1c98adad0c0a0763c096955e
  languageName: node
  linkType: hard

"@babel/core@npm:7.0.0":
  version: 7.0.0
  resolution: "@babel/core@npm:7.0.0"
  dependencies:
    "@babel/code-frame": ^7.0.0
    "@babel/generator": ^7.0.0
    "@babel/helpers": ^7.0.0
    "@babel/parser": ^7.0.0
    "@babel/template": ^7.0.0
    "@babel/traverse": ^7.0.0
    "@babel/types": ^7.0.0
    convert-source-map: ^1.1.0
    debug: ^3.1.0
    json5: ^0.5.0
    lodash: ^4.17.10
    resolve: ^1.3.2
    semver: ^5.4.1
    source-map: ^0.5.0
  checksum: 62abe45a080243dd934181c48db5f71a0f76d1e03b9cfd513ecf3a96f8a4b3e7a401d853a0578715f3b63d59eccb07dc137ed41c2449a885b1081fcca90d57af
  languageName: node
  linkType: hard

"@babel/generator@npm:^7.0.0, @babel/generator@npm:^7.9.0":
  version: 7.9.4
  resolution: "@babel/generator@npm:7.9.4"
  dependencies:
    "@babel/types": ^7.9.0
    jsesc: ^2.5.1
    lodash: ^4.17.13
    source-map: ^0.5.0
  checksum: 8815b1617fabe6a7b15add0b3567103832a50f3b742572953379e0f7e6050a25d620c8291b3b535082c8b803650712d853b59d42311229466cd6f0e4bfe148d7
  languageName: node
  linkType: hard

"@babel/helper-function-name@npm:^7.8.3":
  version: 7.8.3
  resolution: "@babel/helper-function-name@npm:7.8.3"
  dependencies:
    "@babel/helper-get-function-arity": ^7.8.3
    "@babel/template": ^7.8.3
    "@babel/types": ^7.8.3
  checksum: 9435f12534d853bfb61cb15fbbfcdea1c7586eb499b22141ba31e787f88a18067e1976037b5988a673c7a10f7bffe6f64edc4b25aca215fcf127336bfae86599
  languageName: node
  linkType: hard

"@babel/helper-get-function-arity@npm:^7.8.3":
  version: 7.8.3
  resolution: "@babel/helper-get-function-arity@npm:7.8.3"
  dependencies:
    "@babel/types": ^7.8.3
  checksum: 173ce64f2bc357ca6deb6c639c02fc3842b9c88750501decfe1fa3b7cfe449280f1ced0b7d754a9bf338e7227300af3b28a3447d60048dfceb6405c017b0b84b
  languageName: node
  linkType: hard

"@babel/helper-plugin-utils@npm:^7.10.4, @babel/helper-plugin-utils@npm:^7.8.0, @babel/helper-plugin-utils@npm:^7.8.3":
  version: 7.10.4
  resolution: "@babel/helper-plugin-utils@npm:7.10.4"
  checksum: 9f617e619a3557cb5fae8885e91cd94ba4ee16fb345e0360de0d7dc037efb10cc604939ecc1038ccdb71aa37e7e78f20133d7bbbebecb8f6dcdb557650366d92
  languageName: node
  linkType: hard

"@babel/helper-split-export-declaration@npm:^7.8.3":
  version: 7.8.3
  resolution: "@babel/helper-split-export-declaration@npm:7.8.3"
  dependencies:
    "@babel/types": ^7.8.3
  checksum: dd72c412171315f1952f30a7a71a237fb4f1b11edfc4ae8945db905f000e945f6c7a791d166a5c3fb90dd8336bbf9891091bd7f139eaf7ea4dfb30c54c888eb1
  languageName: node
  linkType: hard

"@babel/helper-validator-identifier@npm:^7.9.0":
  version: 7.9.0
  resolution: "@babel/helper-validator-identifier@npm:7.9.0"
  checksum: c8b67b61fe59ba40d28729bda49579b89022b3ac8ab2eb135fa0a41b2dec600e11240bb4b71a95195217404d02ea89d25a0f1dac01a93f37c50658cbf8b95115
  languageName: node
  linkType: hard

"@babel/helpers@npm:^7.0.0":
  version: 7.9.2
  resolution: "@babel/helpers@npm:7.9.2"
  dependencies:
    "@babel/template": ^7.8.3
    "@babel/traverse": ^7.9.0
    "@babel/types": ^7.9.0
  checksum: 7b660a84f129a7193d6b235a0ef6c6c6dd946569f243acefb8d76cda54bb980cde1dc60b2ec4c631811fc58a0c260c8b0649cd0a007abd9df77fda8ecfb42d70
  languageName: node
  linkType: hard

"@babel/highlight@npm:^7.8.3":
  version: 7.9.0
  resolution: "@babel/highlight@npm:7.9.0"
  dependencies:
    "@babel/helper-validator-identifier": ^7.9.0
    chalk: ^2.0.0
    js-tokens: ^4.0.0
  checksum: 9887f2fe93b10b53bffb70cccd22dff179a10230985c67dbcf8f27a536714777b8ed68548181af80f132125e8ff7464362b73081ed1510899b5040734a91e202
  languageName: node
  linkType: hard

"@babel/parser-7.0.0@npm:@babel/parser@7.0.0":
  version: 7.0.0
  resolution: "@babel/parser@npm:7.0.0"
  bin:
    parser: ./bin/babel-parser.js
  checksum: 1d8afb673ed805a08a5fce27254cef6d7c1af58211e091f538279a49d2d9c66c17307f069d570b77c4a187d3302ebcdd5d76d8f118c214adfda36531315f6fd8
  languageName: node
  linkType: hard

"@babel/parser-7.9.0@npm:@babel/parser@7.9.0":
  version: 7.9.0
  resolution: "@babel/parser@npm:7.9.0"
  bin:
    parser: ./bin/babel-parser.js
  checksum: e7ba36d98b00784a6866cb64a166eafc17d0e845d20b340a782a5d8715a967ecc2d868cb92b600840441bd3ac82e76d05d192f5db6de2eb4bce04f5f56c4765e
  languageName: node
  linkType: hard

"@babel/parser@npm:^7.0.0, @babel/parser@npm:^7.8.6, @babel/parser@npm:^7.9.0":
  version: 7.12.3
  resolution: "@babel/parser@npm:7.12.3"
  bin:
    parser: ./bin/babel-parser.js
  checksum: 3605bcf97e956ef36506ccb7e0ca4432025d8992c7e1f5d5b03976750a1198a0b27f461ab9304dbc5319a154b5ea19c09e72f87bfc5c08dd2780428734e13339
  languageName: node
  linkType: hard

"@babel/plugin-syntax-async-generators@npm:^7.8.4":
  version: 7.8.4
  resolution: "@babel/plugin-syntax-async-generators@npm:7.8.4"
  dependencies:
    "@babel/helper-plugin-utils": ^7.8.0
  peerDependencies:
    "@babel/core": ^7.0.0-0
  checksum: 39685944ffe342981afb1fe3af824305e94ee249b1841c78c1112f93d256d3d405902ac146ab3bad8c243710f081621f9fbf53c62474800d398293c99521c8ef
  languageName: node
  linkType: hard

"@babel/plugin-syntax-bigint@npm:^7.8.3":
  version: 7.8.3
  resolution: "@babel/plugin-syntax-bigint@npm:7.8.3"
  dependencies:
    "@babel/helper-plugin-utils": ^7.8.0
  peerDependencies:
    "@babel/core": ^7.0.0-0
  checksum: 8c9b610377af48e1d8ec0d5ad5eec5e462fbc775b20f367e0ebc2656b98b4cc73a952e8b5ab8641e6de0d04923f3843dd73ce00a71ef5cac9940822ff776c8ec
  languageName: node
  linkType: hard

"@babel/plugin-syntax-class-properties@npm:^7.8.3":
  version: 7.8.3
  resolution: "@babel/plugin-syntax-class-properties@npm:7.8.3"
  dependencies:
    "@babel/helper-plugin-utils": ^7.8.3
  peerDependencies:
    "@babel/core": ^7.0.0-0
  checksum: b80f7a4e1592bd76d854d96cd67e20e9d10ef30bf767dca97d3679ae928b31cb706e1a258c034191f9ec463a2430551d3e1e49b12abd6425b958613c8e81246e
  languageName: node
  linkType: hard

"@babel/plugin-syntax-import-meta@npm:^7.8.3":
  version: 7.8.3
  resolution: "@babel/plugin-syntax-import-meta@npm:7.8.3"
  dependencies:
    "@babel/helper-plugin-utils": ^7.8.3
  peerDependencies:
    "@babel/core": ^7.0.0-0
  checksum: f96f6c287635caeee612dc13aaf041f6db670cda722f31b1925e2f9c28c48b49d91dccf5cf7095161c38e1ac5b149c072a0570b957144b9e3bd9d0291d1f1418
  languageName: node
  linkType: hard

"@babel/plugin-syntax-json-strings@npm:^7.8.3":
  version: 7.8.3
  resolution: "@babel/plugin-syntax-json-strings@npm:7.8.3"
  dependencies:
    "@babel/helper-plugin-utils": ^7.8.0
  peerDependencies:
    "@babel/core": ^7.0.0-0
  checksum: 1a7dabf0a4b264cb235966c4256aad131567eba20e41de731fa9127d371454a2f702e27fd7bedac65efb0df847e5cece7bcb5507a931604d1c2ecb7390adaa1f
  languageName: node
  linkType: hard

"@babel/plugin-syntax-logical-assignment-operators@npm:^7.8.3":
  version: 7.8.3
  resolution: "@babel/plugin-syntax-logical-assignment-operators@npm:7.8.3"
  dependencies:
    "@babel/helper-plugin-utils": ^7.8.3
  peerDependencies:
    "@babel/core": ^7.0.0-0
  checksum: f711dcf8ea6fe59e50ad75546aa89ad88e02247811653ed1482c0bf833449b46fbb7acb713c5ce410a246a1ad043f9dc3b974e0a1f7d85cb76761d6a3f8ed4b5
  languageName: node
  linkType: hard

"@babel/plugin-syntax-nullish-coalescing-operator@npm:^7.8.3":
  version: 7.8.3
  resolution: "@babel/plugin-syntax-nullish-coalescing-operator@npm:7.8.3"
  dependencies:
    "@babel/helper-plugin-utils": ^7.8.0
  peerDependencies:
    "@babel/core": ^7.0.0-0
  checksum: 4ba03753759a2d9783b792c060147a20f474f76c42edf77cbf89c6669f9f22ffb3cbba4facdd8ce651129db6089a81feca1f7e42da75244eabedecba37bd20be
  languageName: node
  linkType: hard

"@babel/plugin-syntax-numeric-separator@npm:^7.8.3":
  version: 7.8.3
  resolution: "@babel/plugin-syntax-numeric-separator@npm:7.8.3"
  dependencies:
    "@babel/helper-plugin-utils": ^7.8.3
  peerDependencies:
    "@babel/core": ^7.0.0-0
  checksum: b12fb19d0cb795b26c2b7262ee6ca20effbd4556ec6aa1fa1fa579979c08541d2b2db33e3cae2a333f22460c6a36dd646af79a70a662b7fe22675cdbe6bc3001
  languageName: node
  linkType: hard

"@babel/plugin-syntax-object-rest-spread@npm:^7.8.3":
  version: 7.8.3
  resolution: "@babel/plugin-syntax-object-rest-spread@npm:7.8.3"
  dependencies:
    "@babel/helper-plugin-utils": ^7.8.0
  peerDependencies:
    "@babel/core": ^7.0.0-0
  checksum: db5dfb39faceddba8b80c586e331e17c3a1f79941f80eaa070b91fb920582bffe8bba46f6bebbdaf7c1f9b0bbe2a68493c28e1c9fb0ced864da739c0cd52ce43
  languageName: node
  linkType: hard

"@babel/plugin-syntax-optional-catch-binding@npm:^7.8.3":
  version: 7.8.3
  resolution: "@babel/plugin-syntax-optional-catch-binding@npm:7.8.3"
  dependencies:
    "@babel/helper-plugin-utils": ^7.8.0
  peerDependencies:
    "@babel/core": ^7.0.0-0
  checksum: f03d07526674ecdb3388e1d648ec250250968e13c037a7110e37d3eab0b82b07d6605332772afdf19f1831dfd3bdbbf0288a7d9097097d30b9548388ea693a07
  languageName: node
  linkType: hard

"@babel/plugin-syntax-optional-chaining@npm:^7.8.3":
  version: 7.8.3
  resolution: "@babel/plugin-syntax-optional-chaining@npm:7.8.3"
  dependencies:
    "@babel/helper-plugin-utils": ^7.8.0
  peerDependencies:
    "@babel/core": ^7.0.0-0
  checksum: 2a50685d023bc609b01a3fd7ed3af03bc36c575da8d02199ed51cb24e8e068f26a128a20486cd502abe9e1d4c02e0264b8a58f1a5143e1291ca3508a948ada97
  languageName: node
  linkType: hard

"@babel/plugin-syntax-top-level-await@npm:^7.8.3":
  version: 7.12.1
  resolution: "@babel/plugin-syntax-top-level-await@npm:7.12.1"
  dependencies:
    "@babel/helper-plugin-utils": ^7.10.4
  peerDependencies:
    "@babel/core": ^7.0.0-0
  checksum: 9767e46ddc1add9133a21f5d6c4452e9a62f891fe1db5d8291f62f9036f9e697bc118adad43109a8740ac15769e9489d68d134b17cfe9f3bdf06d2c50c9c6dce
  languageName: node
  linkType: hard

"@babel/template@npm:^7.0.0, @babel/template@npm:^7.8.3":
  version: 7.8.6
  resolution: "@babel/template@npm:7.8.6"
  dependencies:
    "@babel/code-frame": ^7.8.3
    "@babel/parser": ^7.8.6
    "@babel/types": ^7.8.6
  checksum: 90ff89fe2a436b27276e8048bbfeb96098917fc2903b5cb81e903c987df65ed0ab94b1829320c5810e66786e14a03dda44920c9afc73084bc8fdbcbee1743348
  languageName: node
  linkType: hard

"@babel/traverse@npm:^7.0.0, @babel/traverse@npm:^7.9.0":
  version: 7.9.0
  resolution: "@babel/traverse@npm:7.9.0"
  dependencies:
    "@babel/code-frame": ^7.8.3
    "@babel/generator": ^7.9.0
    "@babel/helper-function-name": ^7.8.3
    "@babel/helper-split-export-declaration": ^7.8.3
    "@babel/parser": ^7.9.0
    "@babel/types": ^7.9.0
    debug: ^4.1.0
    globals: ^11.1.0
    lodash: ^4.17.13
  checksum: b8a75569e7cac8fb69a8cf42894c33d22720c083cb4301c65c09cb7b71f430621dff4b4eeffb82e200d662b85d4de5435e98c7635666e0243d9ba9d3c449001b
  languageName: node
  linkType: hard

"@babel/types@npm:^7.0.0, @babel/types@npm:^7.8.3, @babel/types@npm:^7.8.6, @babel/types@npm:^7.9.0":
  version: 7.9.0
  resolution: "@babel/types@npm:7.9.0"
  dependencies:
    "@babel/helper-validator-identifier": ^7.9.0
    lodash: ^4.17.13
    to-fast-properties: ^2.0.0
  checksum: 5fcd95a5187f0083796f0966988bfc3d909764693245ac279296d5d25fff9bc07c1b5e9314c2cec9fe741ed09848d3d44289a37c0fb332593744e1c8b697cdf1
  languageName: node
  linkType: hard

"ansi-styles@npm:^3.2.1":
  version: 3.2.1
  resolution: "ansi-styles@npm:3.2.1"
  dependencies:
    color-convert: ^1.9.0
  checksum: 456e1c23d9277512a47718da75e7fbb0a5ee215ef893c2f76d6b3efe8fceabc861121b80b0362146f5f995d21a1633f05a19bbf6283ae66ac11dc3b9c0bed779
  languageName: node
  linkType: hard

"babel-preset-current-node-syntax@workspace:.":
  version: 0.0.0-use.local
  resolution: "babel-preset-current-node-syntax@workspace:."
  dependencies:
    "@babel/core": 7.0.0
    "@babel/parser-7.0.0": "npm:@babel/parser@7.0.0"
    "@babel/parser-7.9.0": "npm:@babel/parser@7.9.0"
    "@babel/plugin-syntax-async-generators": ^7.8.4
    "@babel/plugin-syntax-bigint": ^7.8.3
    "@babel/plugin-syntax-class-properties": ^7.8.3
    "@babel/plugin-syntax-import-meta": ^7.8.3
    "@babel/plugin-syntax-json-strings": ^7.8.3
    "@babel/plugin-syntax-logical-assignment-operators": ^7.8.3
    "@babel/plugin-syntax-nullish-coalescing-operator": ^7.8.3
    "@babel/plugin-syntax-numeric-separator": ^7.8.3
    "@babel/plugin-syntax-object-rest-spread": ^7.8.3
    "@babel/plugin-syntax-optional-catch-binding": ^7.8.3
    "@babel/plugin-syntax-optional-chaining": ^7.8.3
    "@babel/plugin-syntax-top-level-await": ^7.8.3
  peerDependencies:
    "@babel/core": ^7.0.0
  languageName: unknown
  linkType: soft

"chalk@npm:^2.0.0":
  version: 2.4.2
  resolution: "chalk@npm:2.4.2"
  dependencies:
    ansi-styles: ^3.2.1
    escape-string-regexp: ^1.0.5
    supports-color: ^5.3.0
  checksum: 22c7b7b5bc761c882bb6516454a1a671923f1c53ff972860065aa0b28a195f230163c1d46ee88bcc7a03e5539177d896457d8bc727de7f244c6e87032743038e
  languageName: node
  linkType: hard

"color-convert@npm:^1.9.0":
  version: 1.9.3
  resolution: "color-convert@npm:1.9.3"
  dependencies:
    color-name: 1.1.3
  checksum: 5f244daa3d1fe1f216d48878c550465067d15268688308554e613b7640a068f96588096d51f0b98b68f15d6ff6bb8ad24e172582ac8c0ad43fa4d3da60fd1b79
  languageName: node
  linkType: hard

"color-name@npm:1.1.3":
  version: 1.1.3
  resolution: "color-name@npm:1.1.3"
  checksum: d8b91bb90aefc05b6ff568cf8889566dcc6269824df6f3c9b8ca842b18d7f4d089c07dc166808d33f22092d4a79167aa56a96a5ff0d21efab548bf44614db43b
  languageName: node
  linkType: hard

"convert-source-map@npm:^1.1.0":
  version: 1.7.0
  resolution: "convert-source-map@npm:1.7.0"
  dependencies:
    safe-buffer: ~5.1.1
  checksum: b10fbf041e3221c65e1ab67f05c8fcbad9c5fd078c62f4a6e05cb5fddc4b5a0e8a17c6a361c6a44f011b1a0c090b36aa88543be9dfa65da8c9e7f39c5de2d4df
  languageName: node
  linkType: hard

"debug@npm:^3.1.0":
  version: 3.2.6
  resolution: "debug@npm:3.2.6"
  dependencies:
    ms: ^2.1.1
  checksum: 619feb53b115f1a8341365b8aa58a8757e6632738587d4b61b25627b74891211cb20e31fdbea37fec766e575a60cf456f7a02d6f9eddfdcef80caa6a4b0fc042
  languageName: node
  linkType: hard

"debug@npm:^4.1.0":
  version: 4.1.1
  resolution: "debug@npm:4.1.1"
  dependencies:
    ms: ^2.1.1
  checksum: 3601a6ce96e4698ed3edf0ee6e67ef0317adfcdae2f66a43b23d1b14e8888b422337429b16dbbcba6801e7bfa6cbb8de3128fbacfb8ae1cd9bd7615ea6baf970
  languageName: node
  linkType: hard

"escape-string-regexp@npm:^1.0.5":
  version: 1.0.5
  resolution: "escape-string-regexp@npm:1.0.5"
  checksum: f9484b8b4c8827d816e0fd905c25ed4b561376a9c220e1430403ea84619bf680c76a883a48cff8b8e091daf55d6a497e37479f9787b9f15f3c421b6054289744
  languageName: node
  linkType: hard

"function-bind@npm:^1.1.1":
  version: 1.1.1
  resolution: "function-bind@npm:1.1.1"
  checksum: ffad86e7d2010ba179aaa6a3987d2cc0ed48fa92d27f1ed84bfa06d14f77deeed5bfbae7f00bdebc0c54218392cab2b18ecc080e2c72f592431927b87a27d42b
  languageName: node
  linkType: hard

"globals@npm:^11.1.0":
  version: 11.12.0
  resolution: "globals@npm:11.12.0"
  checksum: 2563d3306a7e646fd9ec484b0ca29bf8847d9dc6ebbe86026f11e31bda04f420f6536c2decbd4cb96350379801d2cce352ab373c40be8b024324775b31f882f9
  languageName: node
  linkType: hard

"has-flag@npm:^3.0.0":
  version: 3.0.0
  resolution: "has-flag@npm:3.0.0"
  checksum: 63aade480d27aeedb3b5b63a2e069d47d0006bf182338d662e7941cdc024e68a28418e0efa8dc5df30db9c4ee2407f39e6ea3f16cfbc6b83848b450826a28aa0
  languageName: node
  linkType: hard

"has@npm:^1.0.3":
  version: 1.0.3
  resolution: "has@npm:1.0.3"
  dependencies:
    function-bind: ^1.1.1
  checksum: c686e15300d41364486c099a9259d9c418022c294244843dcd712c4c286ff839d4f23a25413baa28c4d2c1e828afc2aaab70f685400b391533980223c71fa1ca
  languageName: node
  linkType: hard

"is-core-module@npm:^2.0.0":
  version: 2.0.0
  resolution: "is-core-module@npm:2.0.0"
  dependencies:
    has: ^1.0.3
  checksum: de99dfbdf14d254f6d078aa37113512295acef3cfff5fb39fdf8020b04788535eae6da39e02b0c4ad07f7bc79594de8d5aeb4fce66f97feb9c597d7d6d6d43d4
  languageName: node
  linkType: hard

"js-tokens@npm:^4.0.0":
  version: 4.0.0
  resolution: "js-tokens@npm:4.0.0"
  checksum: 1fc4e4667ac2d972aba65148b9cbf9c17566b2394d3504238d8492bbd3e68f496c657eab06b26b40b17db5cac0a34d153a12130e2d2d2bb6dc2cdc8a4764eb1b
  languageName: node
  linkType: hard

"jsesc@npm:^2.5.1":
  version: 2.5.2
  resolution: "jsesc@npm:2.5.2"
  bin:
    jsesc: bin/jsesc
  checksum: ca91ec33d74c55959e4b6fdbfee2af5f38be74a752cf0a982702e3a16239f26c2abbe19f5f84b15592570dda01872e929a90738615bd445f7b9b859781cfcf68
  languageName: node
  linkType: hard

"json5@npm:^0.5.0":
  version: 0.5.1
  resolution: "json5@npm:0.5.1"
  bin:
    json5: lib/cli.js
  checksum: 002ce9e56c4159e5a62fc4891dc2fba1fdc077fba417042e9dd54f8c37da80c0274feb5fa4c0acb3efbc8906d5763b4ff292d512269e1951967d530130bd80b8
  languageName: node
  linkType: hard

"lodash@npm:^4.17.10, lodash@npm:^4.17.13":
  version: 4.17.15
  resolution: "lodash@npm:4.17.15"
  checksum: aec3fbb7570aa67bda500b8299b1b1821d60646bede87f76a74dfcc7666ab3445267d734ec71424d70809d52ad67a1356fab5ab694a3faa1908d68e9d48f00f5
  languageName: node
  linkType: hard

"ms@npm:^2.1.1":
  version: 2.1.2
  resolution: "ms@npm:2.1.2"
  checksum: 9b65fb709bc30c0c07289dcbdb61ca032acbb9ea5698b55fa62e2cebb04c5953f1876a1f3f7f4bc2e91d4bf4d86003f3e207c3bc6ee2f716f99827e62389cd0e
  languageName: node
  linkType: hard

"path-parse@npm:^1.0.6":
  version: 1.0.6
  resolution: "path-parse@npm:1.0.6"
  checksum: 2eee4b93fb3ae13600e3fca18390d9933bbbcf725a624f6b8df020d87515a74872ff6c58072190d6dc75a5584a683dc6ae5c385ad4e4f4efb6e66af040d56c67
  languageName: node
  linkType: hard

resolve@^1.3.2:
  version: 1.18.1
  resolution: "resolve@npm:1.18.1"
  dependencies:
    is-core-module: ^2.0.0
    path-parse: ^1.0.6
  checksum: deb5ba746e1c038ba8fb7ca5c35ee3fe88665e2f79be3e9a706e5254eeea55eb12b6f1830dd60a11bbafa327bcd868284fbf5caf428cf5761b3f094abdffee77
  languageName: node
  linkType: hard

"resolve@patch:resolve@^1.3.2#builtin<compat/resolve>":
  version: 1.18.1
  resolution: "resolve@patch:resolve@npm%3A1.18.1#builtin<compat/resolve>::version=1.18.1&hash=3388aa"
  dependencies:
    is-core-module: ^2.0.0
    path-parse: ^1.0.6
  checksum: 9e62d2803ad1ec21b13780cc6a45b72bb7b6525eb5b44f0ede7cde37c00a8eb310c06ebfcc7de7dc10c2234d7d271bc4f1eed9783fb87acac141597cd4efaeec
  languageName: node
  linkType: hard

"safe-buffer@npm:~5.1.1":
  version: 5.1.2
  resolution: "safe-buffer@npm:5.1.2"
  checksum: 2708587c1b5e70a5e420714ceb59f30f5791c6e831d39812125a008eca63a4ac18578abd020a0776ea497ff03b4543f2b2a223a7b9073bf2d6c7af9ec6829218
  languageName: node
  linkType: hard

"semver@npm:^5.4.1":
  version: 5.7.1
  resolution: "semver@npm:5.7.1"
  bin:
    semver: ./bin/semver
  checksum: 06ff0ed753ebf741b7602be8faad620d6e160a2cb3f61019d00d919c8bca141638aa23c34da779b8595afdc9faa3678bfbb5f60366b6a4f65f98cf86605bbcdb
  languageName: node
  linkType: hard

"source-map@npm:^0.5.0":
  version: 0.5.7
  resolution: "source-map@npm:0.5.7"
  checksum: 737face96577a2184a42f141607fcc2c9db5620cb8517ae8ab3924476defa138fc26b0bab31e98cbd6f19211ecbf78400b59f801ff7a0f87aa9faa79f7433e10
  languageName: node
  linkType: hard

"supports-color@npm:^5.3.0":
  version: 5.5.0
  resolution: "supports-color@npm:5.5.0"
  dependencies:
    has-flag: ^3.0.0
  checksum: edacee6425498440744c418be94b0660181aad2a1828bcf2be85c42bd385da2fd8b2b358d9b62b0c5b03ff5cd3e992458d7b8f879d9fb42f2201fe05a4848a29
  languageName: node
  linkType: hard

"to-fast-properties@npm:^2.0.0":
  version: 2.0.0
  resolution: "to-fast-properties@npm:2.0.0"
  checksum: 40e61984243b183d575a2f3a87d008bd57102115701ee9037fd673e34becf12ee90262631857410169ca82f401a662ed94482235cea8f3b8dea48b87eaabc467
  languageName: node
  linkType: hard
